// !$*UTF8*$!
{
	archiveVersion = 1;
	classes = {
	};
	objectVersion = 56;
	objects = {

/* Begin PBXBuildFile section */
		3A5A9B152A4852F20028F87A /* SavingViewController.swift in Sources */ = {isa = PBXBuildFile; fileRef = 3A5A9B142A4852F20028F87A /* SavingViewController.swift */; };
		3A9814442A458F350069EAD2 /* StorageManager.swift in Sources */ = {isa = PBXBuildFile; fileRef = 3A9814432A458F350069EAD2 /* StorageManager.swift */; };
		3A98144C2A4590D70069EAD2 /* Counter.swift in Sources */ = {isa = PBXBuildFile; fileRef = 3A98144B2A4590D70069EAD2 /* Counter.swift */; };
		3A9C6AA32A3C47EB00D86EAF /* AppDelegate.swift in Sources */ = {isa = PBXBuildFile; fileRef = 3A9C6AA22A3C47EB00D86EAF /* AppDelegate.swift */; };
		3A9C6AA52A3C47EB00D86EAF /* SceneDelegate.swift in Sources */ = {isa = PBXBuildFile; fileRef = 3A9C6AA42A3C47EB00D86EAF /* SceneDelegate.swift */; };
		3A9C6AA72A3C47EB00D86EAF /* CounterViewController.swift in Sources */ = {isa = PBXBuildFile; fileRef = 3A9C6AA62A3C47EB00D86EAF /* CounterViewController.swift */; };
		3A9C6AAC2A3C47EC00D86EAF /* Assets.xcassets in Resources */ = {isa = PBXBuildFile; fileRef = 3A9C6AAB2A3C47EC00D86EAF /* Assets.xcassets */; };
		3A9C6AAF2A3C47EC00D86EAF /* LaunchScreen.storyboard in Resources */ = {isa = PBXBuildFile; fileRef = 3A9C6AAD2A3C47EC00D86EAF /* LaunchScreen.storyboard */; };
		3A9C6AB72A3C5F4000D86EAF /* SettingsViewController.swift in Sources */ = {isa = PBXBuildFile; fileRef = 3A9C6AB62A3C5F4000D86EAF /* SettingsViewController.swift */; };
/* End PBXBuildFile section */

/* Begin PBXFileReference section */
		3A5A9B142A4852F20028F87A /* SavingViewController.swift */ = {isa = PBXFileReference; lastKnownFileType = sourcecode.swift; path = SavingViewController.swift; sourceTree = "<group>"; };
		3A9814432A458F350069EAD2 /* StorageManager.swift */ = {isa = PBXFileReference; lastKnownFileType = sourcecode.swift; path = StorageManager.swift; sourceTree = "<group>"; };
		3A98144B2A4590D70069EAD2 /* Counter.swift */ = {isa = PBXFileReference; lastKnownFileType = sourcecode.swift; path = Counter.swift; sourceTree = "<group>"; };
		3A9C6A9F2A3C47EB00D86EAF /* CounterApp.app */ = {isa = PBXFileReference; explicitFileType = wrapper.application; includeInIndex = 0; path = CounterApp.app; sourceTree = BUILT_PRODUCTS_DIR; };
		3A9C6AA22A3C47EB00D86EAF /* AppDelegate.swift */ = {isa = PBXFileReference; lastKnownFileType = sourcecode.swift; path = AppDelegate.swift; sourceTree = "<group>"; };
		3A9C6AA42A3C47EB00D86EAF /* SceneDelegate.swift */ = {isa = PBXFileReference; lastKnownFileType = sourcecode.swift; path = SceneDelegate.swift; sourceTree = "<group>"; };
		3A9C6AA62A3C47EB00D86EAF /* CounterViewController.swift */ = {isa = PBXFileReference; lastKnownFileType = sourcecode.swift; path = CounterViewController.swift; sourceTree = "<group>"; };
		3A9C6AAB2A3C47EC00D86EAF /* Assets.xcassets */ = {isa = PBXFileReference; lastKnownFileType = folder.assetcatalog; path = Assets.xcassets; sourceTree = "<group>"; };
		3A9C6AAE2A3C47EC00D86EAF /* Base */ = {isa = PBXFileReference; lastKnownFileType = file.storyboard; name = Base; path = Base.lproj/LaunchScreen.storyboard; sourceTree = "<group>"; };
		3A9C6AB02A3C47EC00D86EAF /* Info.plist */ = {isa = PBXFileReference; lastKnownFileType = text.plist.xml; path = Info.plist; sourceTree = "<group>"; };
		3A9C6AB62A3C5F4000D86EAF /* SettingsViewController.swift */ = {isa = PBXFileReference; lastKnownFileType = sourcecode.swift; path = SettingsViewController.swift; sourceTree = "<group>"; };
/* End PBXFileReference section */

/* Begin PBXFrameworksBuildPhase section */
		3A9C6A9C2A3C47EB00D86EAF /* Frameworks */ = {
			isa = PBXFrameworksBuildPhase;
			buildActionMask = 2147483647;
			files = (
			);
			runOnlyForDeploymentPostprocessing = 0;
		};
/* End PBXFrameworksBuildPhase section */

/* Begin PBXGroup section */
		3A9814452A458F470069EAD2 /* ViewControllers */ = {
			isa = PBXGroup;
			children = (
				3A9C6AA62A3C47EB00D86EAF /* CounterViewController.swift */,
				3A9C6AB62A3C5F4000D86EAF /* SettingsViewController.swift */,
				3A5A9B142A4852F20028F87A /* SavingViewController.swift */,
			);
			path = ViewControllers;
			sourceTree = "<group>";
		};
		3A9814462A458F5A0069EAD2 /* Services */ = {
			isa = PBXGroup;
			children = (
				3A9814432A458F350069EAD2 /* StorageManager.swift */,
			);
			path = Services;
			sourceTree = "<group>";
		};
		3A9814472A458F6C0069EAD2 /* App */ = {
			isa = PBXGroup;
			children = (
				3A9C6AA22A3C47EB00D86EAF /* AppDelegate.swift */,
				3A9C6AA42A3C47EB00D86EAF /* SceneDelegate.swift */,
				3A9C6AB02A3C47EC00D86EAF /* Info.plist */,
			);
			path = App;
			sourceTree = "<group>";
		};
		3A9814482A458F8F0069EAD2 /* Resources */ = {
			isa = PBXGroup;
			children = (
				3A9C6AAB2A3C47EC00D86EAF /* Assets.xcassets */,
			);
			path = Resources;
			sourceTree = "<group>";
		};
		3A9814492A458FA30069EAD2 /* StoryBoards */ = {
			isa = PBXGroup;
			children = (
				3A9C6AAD2A3C47EC00D86EAF /* LaunchScreen.storyboard */,
			);
			path = StoryBoards;
			sourceTree = "<group>";
		};
		3A98144A2A4590BA0069EAD2 /* Models */ = {
			isa = PBXGroup;
			children = (
				3A98144B2A4590D70069EAD2 /* Counter.swift */,
			);
			path = Models;
			sourceTree = "<group>";
		};
		3A9C6A962A3C47EB00D86EAF = {
			isa = PBXGroup;
			children = (
				3A9C6AA12A3C47EB00D86EAF /* CounterApp */,
				3A9C6AA02A3C47EB00D86EAF /* Products */,
			);
			sourceTree = "<group>";
		};
		3A9C6AA02A3C47EB00D86EAF /* Products */ = {
			isa = PBXGroup;
			children = (
				3A9C6A9F2A3C47EB00D86EAF /* CounterApp.app */,
			);
			name = Products;
			sourceTree = "<group>";
		};
		3A9C6AA12A3C47EB00D86EAF /* CounterApp */ = {
			isa = PBXGroup;
			children = (
				3A9814472A458F6C0069EAD2 /* App */,
				3A9814452A458F470069EAD2 /* ViewControllers */,
				3A98144A2A4590BA0069EAD2 /* Models */,
				3A9814462A458F5A0069EAD2 /* Services */,
				3A9814492A458FA30069EAD2 /* StoryBoards */,
				3A9814482A458F8F0069EAD2 /* Resources */,
			);
			path = CounterApp;
			sourceTree = "<group>";
		};
/* End PBXGroup section */

/* Begin PBXNativeTarget section */
		3A9C6A9E2A3C47EB00D86EAF /* CounterApp */ = {
			isa = PBXNativeTarget;
			buildConfigurationList = 3A9C6AB32A3C47EC00D86EAF /* Build configuration list for PBXNativeTarget "CounterApp" */;
			buildPhases = (
				3A9C6A9B2A3C47EB00D86EAF /* Sources */,
				3A9C6A9C2A3C47EB00D86EAF /* Frameworks */,
				3A9C6A9D2A3C47EB00D86EAF /* Resources */,
			);
			buildRules = (
			);
			dependencies = (
			);
			name = CounterApp;
			productName = CounterApp;
			productReference = 3A9C6A9F2A3C47EB00D86EAF /* CounterApp.app */;
			productType = "com.apple.product-type.application";
		};
/* End PBXNativeTarget section */

/* Begin PBXProject section */
		3A9C6A972A3C47EB00D86EAF /* Project object */ = {
			isa = PBXProject;
			attributes = {
				BuildIndependentTargetsInParallel = 1;
				LastSwiftUpdateCheck = 1420;
				LastUpgradeCheck = 1420;
				TargetAttributes = {
					3A9C6A9E2A3C47EB00D86EAF = {
						CreatedOnToolsVersion = 14.2;
					};
				};
			};
			buildConfigurationList = 3A9C6A9A2A3C47EB00D86EAF /* Build configuration list for PBXProject "CounterApp" */;
			compatibilityVersion = "Xcode 14.0";
			developmentRegion = en;
			hasScannedForEncodings = 0;
			knownRegions = (
				en,
				Base,
			);
			mainGroup = 3A9C6A962A3C47EB00D86EAF;
			productRefGroup = 3A9C6AA02A3C47EB00D86EAF /* Products */;
			projectDirPath = "";
			projectRoot = "";
			targets = (
				3A9C6A9E2A3C47EB00D86EAF /* CounterApp */,
			);
		};
/* End PBXProject section */

/* Begin PBXResourcesBuildPhase section */
		3A9C6A9D2A3C47EB00D86EAF /* Resources */ = {
			isa = PBXResourcesBuildPhase;
			buildActionMask = 2147483647;
			files = (
				3A9C6AAF2A3C47EC00D86EAF /* LaunchScreen.storyboard in Resources */,
				3A9C6AAC2A3C47EC00D86EAF /* Assets.xcassets in Resources */,
			);
			runOnlyForDeploymentPostprocessing = 0;
		};
/* End PBXResourcesBuildPhase section */

/* Begin PBXSourcesBuildPhase section */
		3A9C6A9B2A3C47EB00D86EAF /* Sources */ = {
			isa = PBXSourcesBuildPhase;
			buildActionMask = 2147483647;
			files = (
				3A9C6AA72A3C47EB00D86EAF /* CounterViewController.swift in Sources */,
				3A98144C2A4590D70069EAD2 /* Counter.swift in Sources */,
				3A9C6AA32A3C47EB00D86EAF /* AppDelegate.swift in Sources */,
				3A5A9B152A4852F20028F87A /* SavingViewController.swift in Sources */,
				3A9814442A458F350069EAD2 /* StorageManager.swift in Sources */,
				3A9C6AA52A3C47EB00D86EAF /* SceneDelegate.swift in Sources */,
				3A9C6AB72A3C5F4000D86EAF /* SettingsViewController.swift in Sources */,
			);
			runOnlyForDeploymentPostprocessing = 0;
		};
/* End PBXSourcesBuildPhase section */

/* Begin PBXVariantGroup section */
		3A9C6AAD2A3C47EC00D86EAF /* LaunchScreen.storyboard */ = {
			isa = PBXVariantGroup;
			children = (
				3A9C6AAE2A3C47EC00D86EAF /* Base */,
			);
			name = LaunchScreen.storyboard;
			sourceTree = "<group>";
		};
/* End PBXVariantGroup section */

/* Begin XCBuildConfiguration section */
		3A9C6AB12A3C47EC00D86EAF /* Debug */ = {
			isa = XCBuildConfiguration;
			buildSettings = {
				ALWAYS_SEARCH_USER_PATHS = NO;
				CLANG_ANALYZER_NONNULL = YES;
				CLANG_ANALYZER_NUMBER_OBJECT_CONVERSION = YES_AGGRESSIVE;
				CLANG_CXX_LANGUAGE_STANDARD = "gnu++20";
				CLANG_ENABLE_MODULES = YES;
				CLANG_ENABLE_OBJC_ARC = YES;
				CLANG_ENABLE_OBJC_WEAK = YES;
				CLANG_WARN_BLOCK_CAPTURE_AUTORELEASING = YES;
				CLANG_WARN_BOOL_CONVERSION = YES;
				CLANG_WARN_COMMA = YES;
				CLANG_WARN_CONSTANT_CONVERSION = YES;
				CLANG_WARN_DEPRECATED_OBJC_IMPLEMENTATIONS = YES;
				CLANG_WARN_DIRECT_OBJC_ISA_USAGE = YES_ERROR;
				CLANG_WARN_DOCUMENTATION_COMMENTS = YES;
				CLANG_WARN_EMPTY_BODY = YES;
				CLANG_WARN_ENUM_CONVERSION = YES;
				CLANG_WARN_INFINITE_RECURSION = YES;
				CLANG_WARN_INT_CONVERSION = YES;
				CLANG_WARN_NON_LITERAL_NULL_CONVERSION = YES;
				CLANG_WARN_OBJC_IMPLICIT_RETAIN_SELF = YES;
				CLANG_WARN_OBJC_LITERAL_CONVERSION = YES;
				CLANG_WARN_OBJC_ROOT_CLASS = YES_ERROR;
				CLANG_WARN_QUOTED_INCLUDE_IN_FRAMEWORK_HEADER = YES;
				CLANG_WARN_RANGE_LOOP_ANALYSIS = YES;
				CLANG_WARN_STRICT_PROTOTYPES = YES;
				CLANG_WARN_SUSPICIOUS_MOVE = YES;
				CLANG_WARN_UNGUARDED_AVAILABILITY = YES_AGGRESSIVE;
				CLANG_WARN_UNREACHABLE_CODE = YES;
				CLANG_WARN__DUPLICATE_METHOD_MATCH = YES;
				COPY_PHASE_STRIP = NO;
				DEBUG_INFORMATION_FORMAT = dwarf;
				ENABLE_STRICT_OBJC_MSGSEND = YES;
				ENABLE_TESTABILITY = YES;
				GCC_C_LANGUAGE_STANDARD = gnu11;
				GCC_DYNAMIC_NO_PIC = NO;
				GCC_NO_COMMON_BLOCKS = YES;
				GCC_OPTIMIZATION_LEVEL = 0;
				GCC_PREPROCESSOR_DEFINITIONS = (
					"DEBUG=1",
					"$(inherited)",
				);
				GCC_WARN_64_TO_32_BIT_CONVERSION = YES;
				GCC_WARN_ABOUT_RETURN_TYPE = YES_ERROR;
				GCC_WARN_UNDECLARED_SELECTOR = YES;
				GCC_WARN_UNINITIALIZED_AUTOS = YES_AGGRESSIVE;
				GCC_WARN_UNUSED_FUNCTION = YES;
				GCC_WARN_UNUSED_VARIABLE = YES;
				IPHONEOS_DEPLOYMENT_TARGET = 16.2;
				MTL_ENABLE_DEBUG_INFO = INCLUDE_SOURCE;
				MTL_FAST_MATH = YES;
				ONLY_ACTIVE_ARCH = YES;
				SDKROOT = iphoneos;
				SWIFT_ACTIVE_COMPILATION_CONDITIONS = DEBUG;
				SWIFT_OPTIMIZATION_LEVEL = "-Onone";
			};
			name = Debug;
		};
		3A9C6AB22A3C47EC00D86EAF /* Release */ = {
			isa = XCBuildConfiguration;
			buildSettings = {
				ALWAYS_SEARCH_USER_PATHS = NO;
				CLANG_ANALYZER_NONNULL = YES;
				CLANG_ANALYZER_NUMBER_OBJECT_CONVERSION = YES_AGGRESSIVE;
				CLANG_CXX_LANGUAGE_STANDARD = "gnu++20";
				CLANG_ENABLE_MODULES = YES;
				CLANG_ENABLE_OBJC_ARC = YES;
				CLANG_ENABLE_OBJC_WEAK = YES;
				CLANG_WARN_BLOCK_CAPTURE_AUTORELEASING = YES;
				CLANG_WARN_BOOL_CONVERSION = YES;
				CLANG_WARN_COMMA = YES;
				CLANG_WARN_CONSTANT_CONVERSION = YES;
				CLANG_WARN_DEPRECATED_OBJC_IMPLEMENTATIONS = YES;
				CLANG_WARN_DIRECT_OBJC_ISA_USAGE = YES_ERROR;
				CLANG_WARN_DOCUMENTATION_COMMENTS = YES;
				CLANG_WARN_EMPTY_BODY = YES;
				CLANG_WARN_ENUM_CONVERSION = YES;
				CLANG_WARN_INFINITE_RECURSION = YES;
				CLANG_WARN_INT_CONVERSION = YES;
				CLANG_WARN_NON_LITERAL_NULL_CONVERSION = YES;
				CLANG_WARN_OBJC_IMPLICIT_RETAIN_SELF = YES;
				CLANG_WARN_OBJC_LITERAL_CONVERSION = YES;
				CLANG_WARN_OBJC_ROOT_CLASS = YES_ERROR;
				CLANG_WARN_QUOTED_INCLUDE_IN_FRAMEWORK_HEADER = YES;
				CLANG_WARN_RANGE_LOOP_ANALYSIS = YES;
				CLANG_WARN_STRICT_PROTOTYPES = YES;
				CLANG_WARN_SUSPICIOUS_MOVE = YES;
				CLANG_WARN_UNGUARDED_AVAILABILITY = YES_AGGRESSIVE;
				CLANG_WARN_UNREACHABLE_CODE = YES;
				CLANG_WARN__DUPLICATE_METHOD_MATCH = YES;
				COPY_PHASE_STRIP = NO;
				DEBUG_INFORMATION_FORMAT = "dwarf-with-dsym";
				ENABLE_NS_ASSERTIONS = NO;
				ENABLE_STRICT_OBJC_MSGSEND = YES;
				GCC_C_LANGUAGE_STANDARD = gnu11;
				GCC_NO_COMMON_BLOCKS = YES;
				GCC_WARN_64_TO_32_BIT_CONVERSION = YES;
				GCC_WARN_ABOUT_RETURN_TYPE = YES_ERROR;
				GCC_WARN_UNDECLARED_SELECTOR = YES;
				GCC_WARN_UNINITIALIZED_AUTOS = YES_AGGRESSIVE;
				GCC_WARN_UNUSED_FUNCTION = YES;
				GCC_WARN_UNUSED_VARIABLE = YES;
				IPHONEOS_DEPLOYMENT_TARGET = 16.2;
				MTL_ENABLE_DEBUG_INFO = NO;
				MTL_FAST_MATH = YES;
				SDKROOT = iphoneos;
				SWIFT_COMPILATION_MODE = wholemodule;
				SWIFT_OPTIMIZATION_LEVEL = "-O";
				VALIDATE_PRODUCT = YES;
			};
			name = Release;
		};
		3A9C6AB42A3C47EC00D86EAF /* Debug */ = {
			isa = XCBuildConfiguration;
			buildSettings = {
				ASSETCATALOG_COMPILER_APPICON_NAME = AppIcon;
				ASSETCATALOG_COMPILER_GLOBAL_ACCENT_COLOR_NAME = AccentColor;
				CODE_SIGN_STYLE = Automatic;
				CURRENT_PROJECT_VERSION = 1;
				DEVELOPMENT_TEAM = 8HP4B7768D;
				GENERATE_INFOPLIST_FILE = YES;
				INFOPLIST_FILE = CounterApp/App/Info.plist;
				INFOPLIST_KEY_CFBundleDisplayName = Counter;
				INFOPLIST_KEY_LSApplicationCategoryType = "public.app-category.lifestyle";
				INFOPLIST_KEY_UIApplicationSupportsIndirectInputEvents = YES;
				INFOPLIST_KEY_UILaunchStoryboardName = LaunchScreen;
				INFOPLIST_KEY_UISupportedInterfaceOrientations = UIInterfaceOrientationPortrait;
				INFOPLIST_KEY_UISupportedInterfaceOrientations_iPad = "UIInterfaceOrientationLandscapeLeft UIInterfaceOrientationLandscapeRight UIInterfaceOrientationPortrait UIInterfaceOrientationPortraitUpsideDown";
				IPHONEOS_DEPLOYMENT_TARGET = 15.5;
				LD_RUNPATH_SEARCH_PATHS = (
					"$(inherited)",
					"@executable_path/Frameworks",
				);
				MARKETING_VERSION = 1.0;
				PRODUCT_BUNDLE_IDENTIFIER = com.Kamalios.CounterApp;
				PRODUCT_NAME = "$(TARGET_NAME)";
				SUPPORTED_PLATFORMS = "iphoneos iphonesimulator";
				SUPPORTS_MACCATALYST = NO;
				SUPPORTS_MAC_DESIGNED_FOR_IPHONE_IPAD = NO;
				SWIFT_EMIT_LOC_STRINGS = YES;
				SWIFT_VERSION = 5.0;
				TARGETED_DEVICE_FAMILY = 1;
			};
			name = Debug;
		};
		3A9C6AB52A3C47EC00D86EAF /* Release */ = {
			isa = XCBuildConfiguration;
			buildSettings = {
				ASSETCATALOG_COMPILER_APPICON_NAME = AppIcon;
				ASSETCATALOG_COMPILER_GLOBAL_ACCENT_COLOR_NAME = AccentColor;
				CODE_SIGN_STYLE = Automatic;
				CURRENT_PROJECT_VERSION = 1;
				DEVELOPMENT_TEAM = 8HP4B7768D;
				GENERATE_INFOPLIST_FILE = YES;
				INFOPLIST_FILE = CounterApp/App/Info.plist;
				INFOPLIST_KEY_CFBundleDisplayName = Counter;
				INFOPLIST_KEY_LSApplicationCategoryType = "public.app-category.lifestyle";
				INFOPLIST_KEY_UIApplicationSupportsIndirectInputEvents = YES;
				INFOPLIST_KEY_UILaunchStoryboardName = LaunchScreen;
				INFOPLIST_KEY_UISupportedInterfaceOrientations = UIInterfaceOrientationPortrait;
				INFOPLIST_KEY_UISupportedInterfaceOrientations_iPad = "UIInterfaceOrientationLandscapeLeft UIInterfaceOrientationLandscapeRight UIInterfaceOrientationPortrait UIInterfaceOrientationPortraitUpsideDown";
				IPHONEOS_DEPLOYMENT_TARGET = 15.5;
				LD_RUNPATH_SEARCH_PATHS = (
					"$(inherited)",
					"@executable_path/Frameworks",
				);
				MARKETING_VERSION = 1.0;
				PRODUCT_BUNDLE_IDENTIFIER = com.Kamalios.CounterApp;
				PRODUCT_NAME = "$(TARGET_NAME)";
				SUPPORTED_PLATFORMS = "iphoneos iphonesimulator";
				SUPPORTS_MACCATALYST = NO;
				SUPPORTS_MAC_DESIGNED_FOR_IPHONE_IPAD = NO;
				SWIFT_EMIT_LOC_STRINGS = YES;
				SWIFT_VERSION = 5.0;
				TARGETED_DEVICE_FAMILY = 1;
			};
			name = Release;
		};
/* End XCBuildConfiguration section */

/* Begin XCConfigurationList section */
		3A9C6A9A2A3C47EB00D86EAF /* Build configuration list for PBXProject "CounterApp" */ = {
			isa = XCConfigurationList;
			buildConfigurations = (
				3A9C6AB12A3C47EC00D86EAF /* Debug */,
				3A9C6AB22A3C47EC00D86EAF /* Release */,
			);
			defaultConfigurationIsVisible = 0;
			defaultConfigurationName = Release;
		};
		3A9C6AB32A3C47EC00D86EAF /* Build configuration list for PBXNativeTarget "CounterApp" */ = {
			isa = XCConfigurationList;
			buildConfigurations = (
				3A9C6AB42A3C47EC00D86EAF /* Debug */,
				3A9C6AB52A3C47EC00D86EAF /* Release */,
			);
			defaultConfigurationIsVisible = 0;
			defaultConfigurationName = Release;
		};
/* End XCConfigurationList section */
	};
	rootObject = 3A9C6A972A3C47EB00D86EAF /* Project object */;
}
